{
  "nodes": {
    "home-manager": {
      "inputs": {
        "nixpkgs": [
          "nixpkgs-stable"
        ]
      },
      "locked": {
        "lastModified": 1790996401,
        "narHash": "sha256-f+kOxEmOUnQazVAmGg0i8hzwgd1kX/geY+k/Dpheye8=",
        "owner": "nix-community",
        "repo": "home-manager",
        "rev": "db7d5e2332710f5abb088f6b5de927d7f9511b35",
        "type": "github"
      },
      "original": {
        "owner": "nix-community",
        "ref": "release-26.05",
        "repo": "home-manager",
        "type": "github"
      }
    },
    "llama-cpp": {
      "flake": false,
      "locked": {
        "lastModified": 1791265317,
        "narHash": "sha256-5s9KUiFsAfmPIhMQre77upPtpTu3FHi5hDEn8KKDESM=",
        "owner": "ggml-org",
        "repo": "llama.cpp",
        "rev": "43fe9c64281ef735046adc025e9e7559a1f659a5",
        "type": "github"
      },
      "original": {
        "owner": "ggml-org",
        "ref": "b11435",
        "repo": "llama.cpp",
        "type": "github"
      }
    },
    "lsp-zero-nvim-3": {
      "flake": false,
      "locked": {
        "lastModified": 1744258852,
        "narHash": "sha256-XWijTsHqIuT+X8mPrVrogtrNhv1Qnm1pIUG3kskUfjE=",
        "owner": "VonHeikemen",
        "repo": "lsp-zero.nvim",
        "rev": "77550f2f6cbf0959ef1583d845661af075f3442b",
        "type": "github"
      },
      "original": {
        "owner": "VonHeikemen",
        "ref": "v3.x",
        "repo": "lsp-zero.nvim",
        "type": "github"
      }
    },
    "nix-darwin": {
      "inputs": {
        "nixpkgs": [
          "nixpkgs-darwin-stable"
        ]
      },
      "locked": {
        "lastModified": 1783744694,
        "narHash": "sha256-2cp6N3rrwnGYLTx9l6N+NI+kwrCWxvJUbj5WJhvB29A=",
        "owner": "nix-darwin",
        "repo": "nix-darwin",
        "rev": "c3e90c89649b07d1a96e4b9dd6cd0d6e44b91a74",
        "type": "github"
      },
      "original": {
        "owner": "nix-darwin",
        "ref": "nix-darwin-26.05",
        "repo": "nix-darwin",
        "type": "github"
      }
    },
    "nix-index-database": {
      "inputs": {
        "nixpkgs": [
          "nixpkgs-unstable"
        ]
      },
      "locked": {
        "lastModified": 1791105314,
        "narHash": "sha256-oTM7QFgRQ+vxBpMBMc7hEYpqBtpXAzXu2xuB/tru84U=",
        "owner": "nix-community",
        "repo": "nix-index-database",
        "rev": "e740bc4e9d8918d7819a51486d5099930c65c72e",
        "type": "github"
      },
      "original": {
        "owner": "nix-community",
        "repo": "nix-index-database",
        "type": "github"
      }
    },
    "nixos-hardware": {
      "inputs": {
        "nixpkgs": "nixpkgs"
      },
      "locked": {
        "lastModified": 1791373788,
        "narHash": "sha256-c3oMt0QoE+4yiRk6u1m2L9ogjaUw0uTGn9yk808KkgE=",
        "owner": "nixos",
        "repo": "nixos-hardware",
        "rev": "4bc63156b109ee7b4103e3ec30565c8c92bde435",
        "type": "github"
      },
      "original": {
        "owner": "nixos",
        "repo": "nixos-hardware",
        "type": "github"
      }
    },
    "nixpkgs": {
      "locked": {
        "lastModified": 1789546076,
        "narHash": "sha256-vWkSk5bbfTqdtMoSgD9FshACO8JCvXTFi+3cqEp0mH0=",
        "rev": "b1b875982b17dabde9b4a37f3e229e74913e6db3",
        "type": "tarball",
        "url": "https://releases.nixos.org/nixos/unstable/nixos-26.11pre1074753.b1b875982b17/nixexprs.tar.xz"
      },
      "original": {
        "type": "tarball",
        "url": "https://channels.nixos.org/nixos-unstable/nixexprs.tar.xz"
      }
    },
    "nixpkgs-darwin-stable": {
      "locked": {
        "lastModified": 1791244311,
        "narHash": "sha256-cy5PsNucfXU5+KtLR+S9/zdkWOUplhL5Xr0LQWhSYbs=",
        "owner": "nixos",
        "repo": "nixpkgs",
        "rev": "2bd3427b41d10b8318383195efe502ed1baca6cd",
        "type": "github"
      },
      "original": {
        "owner": "nixos",
        "ref": "nixpkgs-26.05-darwin",
        "repo": "nixpkgs",
        "type": "github"
      }
    },
    "nixpkgs-master": {
      "locked": {
        "lastModified": 1791377949,
        "narHash": "sha256-uckI3p+NJLsFDILAQkXLpSSG2drnD1iCqEM27JLvmJY=",
        "owner": "nixos",
        "repo": "nixpkgs",
        "rev": "a9cbb634eccb055b46806b32d6ba835941b9a5bf",
        "type": "github"
      },
      "original": {
        "owner": "nixos",
        "ref": "master",
        "repo": "nixpkgs",
        "type": "github"
      }
    },
    "nixpkgs-stable": {
      "locked": {
        "lastModified": 1791254437,
        "narHash": "sha256-qMSsgG+9tIdx282dMqGuJAUK3t6F36clM6efd0rXfes=",
        "owner": "nixos",
        "repo": "nixpkgs",
        "rev": "b25309931cfda5f0b8805f462a29897eeae50168",
        "type": "github"
      },
      "original": {
        "owner": "nixos",
        "ref": "nixos-26.05",
        "repo": "nixpkgs",
        "type": "github"
      }
    },
    "nixpkgs-unstable": {
      "locked": {
        "lastModified": 1791336361,
        "narHash": "sha256-o9ZUW4SlEAvFPIyJWnqChhOT/VHpHg8TAvEgmqK1fSI=",
        "owner": "nixos",
        "repo": "nixpkgs",
        "rev": "7dd199b0e2993e37b4775ed66b1c291699608c9f",
        "type": "github"
      },
      "original": {
        "owner": "nixos",
        "ref": "nixpkgs-unstable",
        "repo": "nixpkgs",
        "type": "github"
      }
    },
    "root": {
      "inputs": {
        "home-manager": "home-manager",
        "llama-cpp": "llama-cpp",
        "lsp-zero-nvim-3": "lsp-zero-nvim-3",
        "nix-darwin": "nix-darwin",
        "nix-index-database": "nix-index-database",
        "nixos-hardware": "nixos-hardware",
        "nixpkgs-darwin-stable": "nixpkgs-darwin-stable",
        "nixpkgs-master": "nixpkgs-master",
        "nixpkgs-stable": "nixpkgs-stable",
        "nixpkgs-unstable": "nixpkgs-unstable",
        "sops-nix": "sops-nix"
      }
    },
    "sops-nix": {
      "inputs": {
        "nixpkgs": [
          "nixpkgs-stable"
        ]
      },
      "locked": {
        "lastModified": 1791103873,
        "narHash": "sha256-nFxM+pKoZ8LJAEnUXARyCaOAloWgaW9kZQOSjWzKcTE=",
        "owner": "Mic92",
        "repo": "sops-nix",
        "rev": "dcd241ba97088c22569d1573286e1b9daad340c0",
        "type": "github"
      },
      "original": {
        "owner": "Mic92",
        "repo": "sops-nix",
        "type": "github"
      }
    }
  },
  "root": "root",
  "version": 7
}
